// !$*UTF8*$!
{
	archiveVersion = 1;
	classes = {
	};
	objectVersion = 46;
	objects = {

/* Begin PBXBuildFile section */
		6A46C0981E272FD100DB195D /* main.m in Sources */ = {isa = PBXBuildFile; fileRef = 6A46C0971E272FD100DB195D /* main.m */; };
		6A46C09B1E272FD100DB195D /* AppDelegate.m in Sources */ = {isa = PBXBuildFile; fileRef = 6A46C09A1E272FD100DB195D /* AppDelegate.m */; };
		6A46C09E1E272FD100DB195D /* ViewController.m in Sources */ = {isa = PBXBuildFile; fileRef = 6A46C09D1E272FD100DB195D /* ViewController.m */; };
		6A46C0A41E272FD100DB195D /* GmatMathShow.xcdatamodeld in Sources */ = {isa = PBXBuildFile; fileRef = 6A46C0A21E272FD100DB195D /* GmatMathShow.xcdatamodeld */; };
		6A46C0A61E272FD100DB195D /* Assets.xcassets in Resources */ = {isa = PBXBuildFile; fileRef = 6A46C0A51E272FD100DB195D /* Assets.xcassets */; };
		6A46C0A91E272FD100DB195D /* LaunchScreen.storyboard in Resources */ = {isa = PBXBuildFile; fileRef = 6A46C0A71E272FD100DB195D /* LaunchScreen.storyboard */; };
		6A46C0B21E27301B00DB195D /* libxml2.tbd in Frameworks */ = {isa = PBXBuildFile; fileRef = 6A46C0B11E27301B00DB195D /* libxml2.tbd */; };
		6A46C0B91E2730A800DB195D /* HTMLNode.m in Sources */ = {isa = PBXBuildFile; fileRef = 6A46C0B51E2730A800DB195D /* HTMLNode.m */; };
		6A46C0BA1E2730A800DB195D /* HTMLParser.m in Sources */ = {isa = PBXBuildFile; fileRef = 6A46C0B71E2730A800DB195D /* HTMLParser.m */; };
		6A46C0BB1E2730A800DB195D /* README.md in Sources */ = {isa = PBXBuildFile; fileRef = 6A46C0B81E2730A800DB195D /* README.md */; };
		6A46C0BD1E2730F900DB195D /* math.html in Resources */ = {isa = PBXBuildFile; fileRef = 6A46C0BC1E2730F900DB195D /* math.html */; };
		6A46C0E11E27317000DB195D /* EHMathManager.m in Sources */ = {isa = PBXBuildFile; fileRef = 6A46C0C01E27317000DB195D /* EHMathManager.m */; };
		6A46C0E21E27317000DB195D /* iosMathFonts.bundle in Resources */ = {isa = PBXBuildFile; fileRef = 6A46C0C21E27317000DB195D /* iosMathFonts.bundle */; };
		6A46C0E31E27317000DB195D /* MTMathAtomFactory.m in Sources */ = {isa = PBXBuildFile; fileRef = 6A46C0C51E27317000DB195D /* MTMathAtomFactory.m */; };
		6A46C0E41E27317000DB195D /* MTMathList.m in Sources */ = {isa = PBXBuildFile; fileRef = 6A46C0C71E27317000DB195D /* MTMathList.m */; };
		6A46C0E51E27317000DB195D /* MTMathListBuilder.m in Sources */ = {isa = PBXBuildFile; fileRef = 6A46C0C91E27317000DB195D /* MTMathListBuilder.m */; };
		6A46C0E61E27317000DB195D /* MTMathListIndex.m in Sources */ = {isa = PBXBuildFile; fileRef = 6A46C0CB1E27317000DB195D /* MTMathListIndex.m */; };
		6A46C0E71E27317000DB195D /* MTUnicode.m in Sources */ = {isa = PBXBuildFile; fileRef = 6A46C0CD1E27317000DB195D /* MTUnicode.m */; };
		6A46C0E81E27317000DB195D /* libiosMath-iOS10.1.a in Frameworks */ = {isa = PBXBuildFile; fileRef = 6A46C0CE1E27317000DB195D /* libiosMath-iOS10.1.a */; };
		6A46C0E91E27317000DB195D /* MTFontMathTable.m in Sources */ = {isa = PBXBuildFile; fileRef = 6A46C0D31E27317000DB195D /* MTFontMathTable.m */; };
		6A46C0EA1E27317000DB195D /* MTTypesetter.m in Sources */ = {isa = PBXBuildFile; fileRef = 6A46C0D61E27317000DB195D /* MTTypesetter.m */; };
		6A46C0EB1E27317000DB195D /* MTFont.m in Sources */ = {isa = PBXBuildFile; fileRef = 6A46C0D81E27317000DB195D /* MTFont.m */; };
		6A46C0EC1E27317000DB195D /* MTFontManager.m in Sources */ = {isa = PBXBuildFile; fileRef = 6A46C0DA1E27317000DB195D /* MTFontManager.m */; };
		6A46C0ED1E27317000DB195D /* MTMathListDisplay.m in Sources */ = {isa = PBXBuildFile; fileRef = 6A46C0DC1E27317000DB195D /* MTMathListDisplay.m */; };
		6A46C0EE1E27317000DB195D /* MTMathUILabel.m in Sources */ = {isa = PBXBuildFile; fileRef = 6A46C0DE1E27317000DB195D /* MTMathUILabel.m */; };
		6A46C0EF1E27317000DB195D /* UIColor+HexString.m in Sources */ = {isa = PBXBuildFile; fileRef = 6A46C0E01E27317000DB195D /* UIColor+HexString.m */; };
		6A46C0F11E27323F00DB195D /* Foundation.framework in Frameworks */ = {isa = PBXBuildFile; fileRef = 6A46C0F01E27323F00DB195D /* Foundation.framework */; };
		6A46C0F31E27324800DB195D /* UIKit.framework in Frameworks */ = {isa = PBXBuildFile; fileRef = 6A46C0F21E27324800DB195D /* UIKit.framework */; };
		6A46C0F51E27324F00DB195D /* CoreGraphics.framework in Frameworks */ = {isa = PBXBuildFile; fileRef = 6A46C0F41E27324F00DB195D /* CoreGraphics.framework */; };
		6A46C0F71E27325D00DB195D /* QuartzCore.framework in Frameworks */ = {isa = PBXBuildFile; fileRef = 6A46C0F61E27325D00DB195D /* QuartzCore.framework */; };
		6A46C0F91E27326400DB195D /* CoreText.framework in Frameworks */ = {isa = PBXBuildFile; fileRef = 6A46C0F81E27326400DB195D /* CoreText.framework */; };
		6A46C0FC1E2733D900DB195D /* EHMathSample.m in Sources */ = {isa = PBXBuildFile; fileRef = 6A46C0FB1E2733D900DB195D /* EHMathSample.m */; };
		6A46C1051E276DAB00DB195D /* EHMathCell.m in Sources */ = {isa = PBXBuildFile; fileRef = 6A46C1031E276DAB00DB195D /* EHMathCell.m */; };
		6A46C1061E276DAB00DB195D /* EHMathCell.xib in Resources */ = {isa = PBXBuildFile; fileRef = 6A46C1041E276DAB00DB195D /* EHMathCell.xib */; };
		6A46C10A1E278E9C00DB195D /* LocalMathVCV.m in Sources */ = {isa = PBXBuildFile; fileRef = 6A46C1091E278E9C00DB195D /* LocalMathVCV.m */; };
		6A46C10D1E278ECD00DB195D /* OptionsVC.m in Sources */ = {isa = PBXBuildFile; fileRef = 6A46C10C1E278ECD00DB195D /* OptionsVC.m */; };
		6A46C1121E27925A00DB195D /* gmat_answer_math.txt in Resources */ = {isa = PBXBuildFile; fileRef = 6A46C10E1E27925A00DB195D /* gmat_answer_math.txt */; };
		6A46C1131E27925A00DB195D /* gmat题目内容数学公式.txt in Resources */ = {isa = PBXBuildFile; fileRef = 6A46C10F1E27925A00DB195D /* gmat题目内容数学公式.txt */; };
		6A46C1141E27925A00DB195D /* gmat选项内容数学公式.txt in Resources */ = {isa = PBXBuildFile; fileRef = 6A46C1101E27925A00DB195D /* gmat选项内容数学公式.txt */; };
		6A46C1151E27925A00DB195D /* latex.txt in Resources */ = {isa = PBXBuildFile; fileRef = 6A46C1111E27925A00DB195D /* latex.txt */; };
		6A46C1181E2879C900DB195D /* Main.storyboard in Resources */ = {isa = PBXBuildFile; fileRef = 6A46C1161E2879C900DB195D /* Main.storyboard */; };
		6A46C11B1E28A7F500DB195D /* gmat内容公式.txt in Resources */ = {isa = PBXBuildFile; fileRef = 6A46C1191E28A7F500DB195D /* gmat内容公式.txt */; };
		6A46C11C1E28A7F500DB195D /* gmat选项公式内容.txt in Resources */ = {isa = PBXBuildFile; fileRef = 6A46C11A1E28A7F500DB195D /* gmat选项公式内容.txt */; };
		6A46C11F1E28C33B00DB195D /* TestVC.m in Sources */ = {isa = PBXBuildFile; fileRef = 6A46C11E1E28C33B00DB195D /* TestVC.m */; };
		A7831CFE1E27E59C00ABEDA1 /* EHMathCell2.m in Sources */ = {isa = PBXBuildFile; fileRef = A7831CFC1E27E59C00ABEDA1 /* EHMathCell2.m */; };
		A7831CFF1E27E59C00ABEDA1 /* EHMathCell2.xib in Resources */ = {isa = PBXBuildFile; fileRef = A7831CFD1E27E59C00ABEDA1 /* EHMathCell2.xib */; };
		A7831D011E27EA6600ABEDA1 /* gmat选项内容数学公式的副本.txt in Resources */ = {isa = PBXBuildFile; fileRef = A7831D001E27EA6600ABEDA1 /* gmat选项内容数学公式的副本.txt */; };
/* End PBXBuildFile section */

/* Begin PBXFileReference section */
		6A46C0931E272FD100DB195D /* GmatMathShow.app */ = {isa = PBXFileReference; explicitFileType = wrapper.application; includeInIndex = 0; path = GmatMathShow.app; sourceTree = BUILT_PRODUCTS_DIR; };
		6A46C0971E272FD100DB195D /* main.m */ = {isa = PBXFileReference; lastKnownFileType = sourcecode.c.objc; path = main.m; sourceTree = "<group>"; };
		6A46C0991E272FD100DB195D /* AppDelegate.h */ = {isa = PBXFileReference; lastKnownFileType = sourcecode.c.h; path = AppDelegate.h; sourceTree = "<group>"; };
		6A46C09A1E272FD100DB195D /* AppDelegate.m */ = {isa = PBXFileReference; lastKnownFileType = sourcecode.c.objc; path = AppDelegate.m; sourceTree = "<group>"; };
		6A46C09C1E272FD100DB195D /* ViewController.h */ = {isa = PBXFileReference; lastKnownFileType = sourcecode.c.h; path = ViewController.h; sourceTree = "<group>"; };
		6A46C09D1E272FD100DB195D /* ViewController.m */ = {isa = PBXFileReference; lastKnownFileType = sourcecode.c.objc; path = ViewController.m; sourceTree = "<group>"; };
		6A46C0A31E272FD100DB195D /* GmatMathShow.xcdatamodel */ = {isa = PBXFileReference; lastKnownFileType = wrapper.xcdatamodel; path = GmatMathShow.xcdatamodel; sourceTree = "<group>"; };
		6A46C0A51E272FD100DB195D /* Assets.xcassets */ = {isa = PBXFileReference; lastKnownFileType = folder.assetcatalog; path = Assets.xcassets; sourceTree = "<group>"; };
		6A46C0A81E272FD100DB195D /* Base */ = {isa = PBXFileReference; lastKnownFileType = file.storyboard; name = Base; path = Base.lproj/LaunchScreen.storyboard; sourceTree = "<group>"; };
		6A46C0AA1E272FD100DB195D /* Info.plist */ = {isa = PBXFileReference; lastKnownFileType = text.plist.xml; path = Info.plist; sourceTree = "<group>"; };
		6A46C0B11E27301B00DB195D /* libxml2.tbd */ = {isa = PBXFileReference; lastKnownFileType = "sourcecode.text-based-dylib-definition"; name = libxml2.tbd; path = usr/lib/libxml2.tbd; sourceTree = SDKROOT; };
		6A46C0B41E2730A800DB195D /* HTMLNode.h */ = {isa = PBXFileReference; fileEncoding = 4; lastKnownFileType = sourcecode.c.h; path = HTMLNode.h; sourceTree = "<group>"; };
		6A46C0B51E2730A800DB195D /* HTMLNode.m */ = {isa = PBXFileReference; fileEncoding = 4; lastKnownFileType = sourcecode.c.objc; path = HTMLNode.m; sourceTree = "<group>"; };
		6A46C0B61E2730A800DB195D /* HTMLParser.h */ = {isa = PBXFileReference; fileEncoding = 4; lastKnownFileType = sourcecode.c.h; path = HTMLParser.h; sourceTree = "<group>"; };
		6A46C0B71E2730A800DB195D /* HTMLParser.m */ = {isa = PBXFileReference; fileEncoding = 4; lastKnownFileType = sourcecode.c.objc; path = HTMLParser.m; sourceTree = "<group>"; };
		6A46C0B81E2730A800DB195D /* README.md */ = {isa = PBXFileReference; fileEncoding = 4; lastKnownFileType = net.daringfireball.markdown; path = README.md; sourceTree = "<group>"; };
		6A46C0BC1E2730F900DB195D /* math.html */ = {isa = PBXFileReference; fileEncoding = 4; lastKnownFileType = text.html; path = math.html; sourceTree = "<group>"; };
		6A46C0BF1E27317000DB195D /* EHMathManager.h */ = {isa = PBXFileReference; fileEncoding = 4; lastKnownFileType = sourcecode.c.h; path = EHMathManager.h; sourceTree = "<group>"; };
		6A46C0C01E27317000DB195D /* EHMathManager.m */ = {isa = PBXFileReference; fileEncoding = 4; lastKnownFileType = sourcecode.c.objc; path = EHMathManager.m; sourceTree = "<group>"; wrapsLines = 0; };
		6A46C0C11E27317000DB195D /* IosMath.h */ = {isa = PBXFileReference; fileEncoding = 4; lastKnownFileType = sourcecode.c.h; path = IosMath.h; sourceTree = "<group>"; };
		6A46C0C21E27317000DB195D /* iosMathFonts.bundle */ = {isa = PBXFileReference; lastKnownFileType = "wrapper.plug-in"; path = iosMathFonts.bundle; sourceTree = "<group>"; };
		6A46C0C41E27317000DB195D /* MTMathAtomFactory.h */ = {isa = PBXFileReference; fileEncoding = 4; lastKnownFileType = sourcecode.c.h; path = MTMathAtomFactory.h; sourceTree = "<group>"; };
		6A46C0C51E27317000DB195D /* MTMathAtomFactory.m */ = {isa = PBXFileReference; fileEncoding = 4; lastKnownFileType = sourcecode.c.objc; path = MTMathAtomFactory.m; sourceTree = "<group>"; };
		6A46C0C61E27317000DB195D /* MTMathList.h */ = {isa = PBXFileReference; fileEncoding = 4; lastKnownFileType = sourcecode.c.h; path = MTMathList.h; sourceTree = "<group>"; };
		6A46C0C71E27317000DB195D /* MTMathList.m */ = {isa = PBXFileReference; fileEncoding = 4; lastKnownFileType = sourcecode.c.objc; path = MTMathList.m; sourceTree = "<group>"; };
		6A46C0C81E27317000DB195D /* MTMathListBuilder.h */ = {isa = PBXFileReference; fileEncoding = 4; lastKnownFileType = sourcecode.c.h; path = MTMathListBuilder.h; sourceTree = "<group>"; };
		6A46C0C91E27317000DB195D /* MTMathListBuilder.m */ = {isa = PBXFileReference; fileEncoding = 4; lastKnownFileType = sourcecode.c.objc; path = MTMathListBuilder.m; sourceTree = "<group>"; };
		6A46C0CA1E27317000DB195D /* MTMathListIndex.h */ = {isa = PBXFileReference; fileEncoding = 4; lastKnownFileType = sourcecode.c.h; path = MTMathListIndex.h; sourceTree = "<group>"; };
		6A46C0CB1E27317000DB195D /* MTMathListIndex.m */ = {isa = PBXFileReference; fileEncoding = 4; lastKnownFileType = sourcecode.c.objc; path = MTMathListIndex.m; sourceTree = "<group>"; };
		6A46C0CC1E27317000DB195D /* MTUnicode.h */ = {isa = PBXFileReference; fileEncoding = 4; lastKnownFileType = sourcecode.c.h; path = MTUnicode.h; sourceTree = "<group>"; };
		6A46C0CD1E27317000DB195D /* MTUnicode.m */ = {isa = PBXFileReference; fileEncoding = 4; lastKnownFileType = sourcecode.c.objc; path = MTUnicode.m; sourceTree = "<group>"; };
		6A46C0CE1E27317000DB195D /* libiosMath-iOS10.1.a */ = {isa = PBXFileReference; lastKnownFileType = archive.ar; path = "libiosMath-iOS10.1.a"; sourceTree = "<group>"; };
		6A46C0D11E27317000DB195D /* MTFont+Internal.h */ = {isa = PBXFileReference; fileEncoding = 4; lastKnownFileType = sourcecode.c.h; path = "MTFont+Internal.h"; sourceTree = "<group>"; };
		6A46C0D21E27317000DB195D /* MTFontMathTable.h */ = {isa = PBXFileReference; fileEncoding = 4; lastKnownFileType = sourcecode.c.h; path = MTFontMathTable.h; sourceTree = "<group>"; };
		6A46C0D31E27317000DB195D /* MTFontMathTable.m */ = {isa = PBXFileReference; fileEncoding = 4; lastKnownFileType = sourcecode.c.objc; path = MTFontMathTable.m; sourceTree = "<group>"; };
		6A46C0D41E27317000DB195D /* MTMathListDisplayInternal.h */ = {isa = PBXFileReference; fileEncoding = 4; lastKnownFileType = sourcecode.c.h; path = MTMathListDisplayInternal.h; sourceTree = "<group>"; };
		6A46C0D51E27317000DB195D /* MTTypesetter.h */ = {isa = PBXFileReference; fileEncoding = 4; lastKnownFileType = sourcecode.c.h; path = MTTypesetter.h; sourceTree = "<group>"; };
		6A46C0D61E27317000DB195D /* MTTypesetter.m */ = {isa = PBXFileReference; fileEncoding = 4; lastKnownFileType = sourcecode.c.objc; path = MTTypesetter.m; sourceTree = "<group>"; };
		6A46C0D71E27317000DB195D /* MTFont.h */ = {isa = PBXFileReference; fileEncoding = 4; lastKnownFileType = sourcecode.c.h; path = MTFont.h; sourceTree = "<group>"; };
		6A46C0D81E27317000DB195D /* MTFont.m */ = {isa = PBXFileReference; fileEncoding = 4; lastKnownFileType = sourcecode.c.objc; path = MTFont.m; sourceTree = "<group>"; };
		6A46C0D91E27317000DB195D /* MTFontManager.h */ = {isa = PBXFileReference; fileEncoding = 4; lastKnownFileType = sourcecode.c.h; path = MTFontManager.h; sourceTree = "<group>"; };
		6A46C0DA1E27317000DB195D /* MTFontManager.m */ = {isa = PBXFileReference; fileEncoding = 4; lastKnownFileType = sourcecode.c.objc; path = MTFontManager.m; sourceTree = "<group>"; };
		6A46C0DB1E27317000DB195D /* MTMathListDisplay.h */ = {isa = PBXFileReference; fileEncoding = 4; lastKnownFileType = sourcecode.c.h; path = MTMathListDisplay.h; sourceTree = "<group>"; };
		6A46C0DC1E27317000DB195D /* MTMathListDisplay.m */ = {isa = PBXFileReference; fileEncoding = 4; lastKnownFileType = sourcecode.c.objc; path = MTMathListDisplay.m; sourceTree = "<group>"; };
		6A46C0DD1E27317000DB195D /* MTMathUILabel.h */ = {isa = PBXFileReference; fileEncoding = 4; lastKnownFileType = sourcecode.c.h; path = MTMathUILabel.h; sourceTree = "<group>"; };
		6A46C0DE1E27317000DB195D /* MTMathUILabel.m */ = {isa = PBXFileReference; fileEncoding = 4; lastKnownFileType = sourcecode.c.objc; path = MTMathUILabel.m; sourceTree = "<group>"; };
		6A46C0DF1E27317000DB195D /* UIColor+HexString.h */ = {isa = PBXFileReference; fileEncoding = 4; lastKnownFileType = sourcecode.c.h; path = "UIColor+HexString.h"; sourceTree = "<group>"; };
		6A46C0E01E27317000DB195D /* UIColor+HexString.m */ = {isa = PBXFileReference; fileEncoding = 4; lastKnownFileType = sourcecode.c.objc; path = "UIColor+HexString.m"; sourceTree = "<group>"; };
		6A46C0F01E27323F00DB195D /* Foundation.framework */ = {isa = PBXFileReference; lastKnownFileType = wrapper.framework; name = Foundation.framework; path = System/Library/Frameworks/Foundation.framework; sourceTree = SDKROOT; };
		6A46C0F21E27324800DB195D /* UIKit.framework */ = {isa = PBXFileReference; lastKnownFileType = wrapper.framework; name = UIKit.framework; path = System/Library/Frameworks/UIKit.framework; sourceTree = SDKROOT; };
		6A46C0F41E27324F00DB195D /* CoreGraphics.framework */ = {isa = PBXFileReference; lastKnownFileType = wrapper.framework; name = CoreGraphics.framework; path = System/Library/Frameworks/CoreGraphics.framework; sourceTree = SDKROOT; };
		6A46C0F61E27325D00DB195D /* QuartzCore.framework */ = {isa = PBXFileReference; lastKnownFileType = wrapper.framework; name = QuartzCore.framework; path = System/Library/Frameworks/QuartzCore.framework; sourceTree = SDKROOT; };
		6A46C0F81E27326400DB195D /* CoreText.framework */ = {isa = PBXFileReference; lastKnownFileType = wrapper.framework; name = CoreText.framework; path = System/Library/Frameworks/CoreText.framework; sourceTree = SDKROOT; };
		6A46C0FA1E2733D900DB195D /* EHMathSample.h */ = {isa = PBXFileReference; fileEncoding = 4; lastKnownFileType = sourcecode.c.h; path = EHMathSample.h; sourceTree = "<group>"; };
		6A46C0FB1E2733D900DB195D /* EHMathSample.m */ = {isa = PBXFileReference; fileEncoding = 4; lastKnownFileType = sourcecode.c.objc; path = EHMathSample.m; sourceTree = "<group>"; };
		6A46C1021E276DAB00DB195D /* EHMathCell.h */ = {isa = PBXFileReference; fileEncoding = 4; lastKnownFileType = sourcecode.c.h; path = EHMathCell.h; sourceTree = "<group>"; };
		6A46C1031E276DAB00DB195D /* EHMathCell.m */ = {isa = PBXFileReference; fileEncoding = 4; lastKnownFileType = sourcecode.c.objc; path = EHMathCell.m; sourceTree = "<group>"; };
		6A46C1041E276DAB00DB195D /* EHMathCell.xib */ = {isa = PBXFileReference; fileEncoding = 4; lastKnownFileType = file.xib; path = EHMathCell.xib; sourceTree = "<group>"; };
		6A46C1081E278E9C00DB195D /* LocalMathVCV.h */ = {isa = PBXFileReference; fileEncoding = 4; lastKnownFileType = sourcecode.c.h; path = LocalMathVCV.h; sourceTree = "<group>"; };
		6A46C1091E278E9C00DB195D /* LocalMathVCV.m */ = {isa = PBXFileReference; fileEncoding = 4; lastKnownFileType = sourcecode.c.objc; path = LocalMathVCV.m; sourceTree = "<group>"; };
		6A46C10B1E278ECD00DB195D /* OptionsVC.h */ = {isa = PBXFileReference; fileEncoding = 4; lastKnownFileType = sourcecode.c.h; path = OptionsVC.h; sourceTree = "<group>"; };
		6A46C10C1E278ECD00DB195D /* OptionsVC.m */ = {isa = PBXFileReference; fileEncoding = 4; lastKnownFileType = sourcecode.c.objc; path = OptionsVC.m; sourceTree = "<group>"; };
		6A46C10E1E27925A00DB195D /* gmat_answer_math.txt */ = {isa = PBXFileReference; fileEncoding = 4; lastKnownFileType = text; path = gmat_answer_math.txt; sourceTree = "<group>"; };
		6A46C10F1E27925A00DB195D /* gmat题目内容数学公式.txt */ = {isa = PBXFileReference; fileEncoding = 4; lastKnownFileType = text; path = "gmat题目内容数学公式.txt"; sourceTree = "<group>"; };
		6A46C1101E27925A00DB195D /* gmat选项内容数学公式.txt */ = {isa = PBXFileReference; fileEncoding = 4; lastKnownFileType = text; path = "gmat选项内容数学公式.txt"; sourceTree = "<group>"; };
		6A46C1111E27925A00DB195D /* latex.txt */ = {isa = PBXFileReference; fileEncoding = 4; lastKnownFileType = text; path = latex.txt; sourceTree = "<group>"; };
		6A46C1171E2879C900DB195D /* Base */ = {isa = PBXFileReference; lastKnownFileType = file.storyboard; name = Base; path = Base.lproj/Main.storyboard; sourceTree = "<group>"; };
		6A46C1191E28A7F500DB195D /* gmat内容公式.txt */ = {isa = PBXFileReference; fileEncoding = 4; lastKnownFileType = text; path = "gmat内容公式.txt"; sourceTree = "<group>"; };
		6A46C11A1E28A7F500DB195D /* gmat选项公式内容.txt */ = {isa = PBXFileReference; fileEncoding = 4; lastKnownFileType = text; path = "gmat选项公式内容.txt"; sourceTree = "<group>"; };
		6A46C11D1E28C33B00DB195D /* TestVC.h */ = {isa = PBXFileReference; fileEncoding = 4; lastKnownFileType = sourcecode.c.h; path = TestVC.h; sourceTree = "<group>"; };
		6A46C11E1E28C33B00DB195D /* TestVC.m */ = {isa = PBXFileReference; fileEncoding = 4; lastKnownFileType = sourcecode.c.objc; path = TestVC.m; sourceTree = "<group>"; };
		A7831CFB1E27E59C00ABEDA1 /* EHMathCell2.h */ = {isa = PBXFileReference; fileEncoding = 4; lastKnownFileType = sourcecode.c.h; path = EHMathCell2.h; sourceTree = "<group>"; };
		A7831CFC1E27E59C00ABEDA1 /* EHMathCell2.m */ = {isa = PBXFileReference; fileEncoding = 4; lastKnownFileType = sourcecode.c.objc; path = EHMathCell2.m; sourceTree = "<group>"; };
		A7831CFD1E27E59C00ABEDA1 /* EHMathCell2.xib */ = {isa = PBXFileReference; fileEncoding = 4; lastKnownFileType = file.xib; path = EHMathCell2.xib; sourceTree = "<group>"; };
		A7831D001E27EA6600ABEDA1 /* gmat选项内容数学公式的副本.txt */ = {isa = PBXFileReference; fileEncoding = 4; lastKnownFileType = text; path = "gmat选项内容数学公式的副本.txt"; sourceTree = "<group>"; };
/* End PBXFileReference section */

/* Begin PBXFrameworksBuildPhase section */
		6A46C0901E272FD100DB195D /* Frameworks */ = {
			isa = PBXFrameworksBuildPhase;
			buildActionMask = 2147483647;
			files = (
				6A46C0F91E27326400DB195D /* CoreText.framework in Frameworks */,
				6A46C0F71E27325D00DB195D /* QuartzCore.framework in Frameworks */,
				6A46C0F51E27324F00DB195D /* CoreGraphics.framework in Frameworks */,
				6A46C0F31E27324800DB195D /* UIKit.framework in Frameworks */,
				6A46C0F11E27323F00DB195D /* Foundation.framework in Frameworks */,
				6A46C0B21E27301B00DB195D /* libxml2.tbd in Frameworks */,
				6A46C0E81E27317000DB195D /* libiosMath-iOS10.1.a in Frameworks */,
			);
			runOnlyForDeploymentPostprocessing = 0;
		};
/* End PBXFrameworksBuildPhase section */

/* Begin PBXGroup section */
		6A46C08A1E272FD100DB195D = {
			isa = PBXGroup;
			children = (
				6A46C0951E272FD100DB195D /* GmatMathShow */,
				6A46C0941E272FD100DB195D /* Products */,
				6A46C0B01E27301B00DB195D /* Frameworks */,
			);
			sourceTree = "<group>";
		};
		6A46C0941E272FD100DB195D /* Products */ = {
			isa = PBXGroup;
			children = (
				6A46C0931E272FD100DB195D /* GmatMathShow.app */,
			);
			name = Products;
			sourceTree = "<group>";
		};
		6A46C0951E272FD100DB195D /* GmatMathShow */ = {
			isa = PBXGroup;
			children = (
				6A46C0991E272FD100DB195D /* AppDelegate.h */,
				6A46C09A1E272FD100DB195D /* AppDelegate.m */,
				6A46C09C1E272FD100DB195D /* ViewController.h */,
				6A46C09D1E272FD100DB195D /* ViewController.m */,
				6A46C1081E278E9C00DB195D /* LocalMathVCV.h */,
				6A46C1091E278E9C00DB195D /* LocalMathVCV.m */,
				6A46C11D1E28C33B00DB195D /* TestVC.h */,
				6A46C11E1E28C33B00DB195D /* TestVC.m */,
				6A46C10B1E278ECD00DB195D /* OptionsVC.h */,
				6A46C10C1E278ECD00DB195D /* OptionsVC.m */,
				6A46C0FA1E2733D900DB195D /* EHMathSample.h */,
				6A46C0FB1E2733D900DB195D /* EHMathSample.m */,
				A7831CFB1E27E59C00ABEDA1 /* EHMathCell2.h */,
				A7831CFC1E27E59C00ABEDA1 /* EHMathCell2.m */,
				A7831CFD1E27E59C00ABEDA1 /* EHMathCell2.xib */,
				6A46C1021E276DAB00DB195D /* EHMathCell.h */,
				6A46C1031E276DAB00DB195D /* EHMathCell.m */,
				6A46C1041E276DAB00DB195D /* EHMathCell.xib */,
				6A46C0BE1E27317000DB195D /* iosMath */,
				6A46C0B31E27306600DB195D /* Gumbo */,
				6A46C0A51E272FD100DB195D /* Assets.xcassets */,
				6A46C1161E2879C900DB195D /* Main.storyboard */,
				6A46C0A71E272FD100DB195D /* LaunchScreen.storyboard */,
				6A46C0AA1E272FD100DB195D /* Info.plist */,
				6A46C0A21E272FD100DB195D /* GmatMathShow.xcdatamodeld */,
				6A46C0961E272FD100DB195D /* Supporting Files */,
			);
			path = GmatMathShow;
			sourceTree = "<group>";
		};
		6A46C0961E272FD100DB195D /* Supporting Files */ = {
			isa = PBXGroup;
			children = (
				6A46C0BC1E2730F900DB195D /* math.html */,
				6A46C1191E28A7F500DB195D /* gmat内容公式.txt */,
				6A46C11A1E28A7F500DB195D /* gmat选项公式内容.txt */,
				6A46C10E1E27925A00DB195D /* gmat_answer_math.txt */,
				A7831D001E27EA6600ABEDA1 /* gmat选项内容数学公式的副本.txt */,
				6A46C10F1E27925A00DB195D /* gmat题目内容数学公式.txt */,
				6A46C1101E27925A00DB195D /* gmat选项内容数学公式.txt */,
				6A46C1111E27925A00DB195D /* latex.txt */,
				6A46C0971E272FD100DB195D /* main.m */,
			);
			name = "Supporting Files";
			sourceTree = "<group>";
		};
		6A46C0B01E27301B00DB195D /* Frameworks */ = {
			isa = PBXGroup;
			children = (
				6A46C0F81E27326400DB195D /* CoreText.framework */,
				6A46C0F61E27325D00DB195D /* QuartzCore.framework */,
				6A46C0F41E27324F00DB195D /* CoreGraphics.framework */,
				6A46C0F21E27324800DB195D /* UIKit.framework */,
				6A46C0F01E27323F00DB195D /* Foundation.framework */,
				6A46C0B11E27301B00DB195D /* libxml2.tbd */,
			);
			name = Frameworks;
			sourceTree = "<group>";
		};
		6A46C0B31E27306600DB195D /* Gumbo */ = {
			isa = PBXGroup;
			children = (
				6A46C0B41E2730A800DB195D /* HTMLNode.h */,
				6A46C0B51E2730A800DB195D /* HTMLNode.m */,
				6A46C0B61E2730A800DB195D /* HTMLParser.h */,
				6A46C0B71E2730A800DB195D /* HTMLParser.m */,
				6A46C0B81E2730A800DB195D /* README.md */,
			);
			path = Gumbo;
			sourceTree = "<group>";
		};
		6A46C0BE1E27317000DB195D /* iosMath */ = {
			isa = PBXGroup;
			children = (
				6A46C0BF1E27317000DB195D /* EHMathManager.h */,
				6A46C0C01E27317000DB195D /* EHMathManager.m */,
				6A46C0C11E27317000DB195D /* IosMath.h */,
				6A46C0C21E27317000DB195D /* iosMathFonts.bundle */,
				6A46C0C31E27317000DB195D /* lib */,
				6A46C0CE1E27317000DB195D /* libiosMath-iOS10.1.a */,
				6A46C0CF1E27317000DB195D /* render */,
			);
			path = iosMath;
			sourceTree = "<group>";
		};
		6A46C0C31E27317000DB195D /* lib */ = {
			isa = PBXGroup;
			children = (
				6A46C0C41E27317000DB195D /* MTMathAtomFactory.h */,
				6A46C0C51E27317000DB195D /* MTMathAtomFactory.m */,
				6A46C0C61E27317000DB195D /* MTMathList.h */,
				6A46C0C71E27317000DB195D /* MTMathList.m */,
				6A46C0C81E27317000DB195D /* MTMathListBuilder.h */,
				6A46C0C91E27317000DB195D /* MTMathListBuilder.m */,
				6A46C0CA1E27317000DB195D /* MTMathListIndex.h */,
				6A46C0CB1E27317000DB195D /* MTMathListIndex.m */,
				6A46C0CC1E27317000DB195D /* MTUnicode.h */,
				6A46C0CD1E27317000DB195D /* MTUnicode.m */,
			);
			path = lib;
			sourceTree = "<group>";
		};
		6A46C0CF1E27317000DB195D /* render */ = {
			isa = PBXGroup;
			children = (
				6A46C0D01E27317000DB195D /* internal */,
				6A46C0D71E27317000DB195D /* MTFont.h */,
				6A46C0D81E27317000DB195D /* MTFont.m */,
				6A46C0D91E27317000DB195D /* MTFontManager.h */,
				6A46C0DA1E27317000DB195D /* MTFontManager.m */,
				6A46C0DB1E27317000DB195D /* MTMathListDisplay.h */,
				6A46C0DC1E27317000DB195D /* MTMathListDisplay.m */,
				6A46C0DD1E27317000DB195D /* MTMathUILabel.h */,
				6A46C0DE1E27317000DB195D /* MTMathUILabel.m */,
				6A46C0DF1E27317000DB195D /* UIColor+HexString.h */,
				6A46C0E01E27317000DB195D /* UIColor+HexString.m */,
			);
			path = render;
			sourceTree = "<group>";
		};
		6A46C0D01E27317000DB195D /* internal */ = {
			isa = PBXGroup;
			children = (
				6A46C0D11E27317000DB195D /* MTFont+Internal.h */,
				6A46C0D21E27317000DB195D /* MTFontMathTable.h */,
				6A46C0D31E27317000DB195D /* MTFontMathTable.m */,
				6A46C0D41E27317000DB195D /* MTMathListDisplayInternal.h */,
				6A46C0D51E27317000DB195D /* MTTypesetter.h */,
				6A46C0D61E27317000DB195D /* MTTypesetter.m */,
			);
			path = internal;
			sourceTree = "<group>";
		};
/* End PBXGroup section */

/* Begin PBXNativeTarget section */
		6A46C0921E272FD100DB195D /* GmatMathShow */ = {
			isa = PBXNativeTarget;
			buildConfigurationList = 6A46C0AD1E272FD100DB195D /* Build configuration list for PBXNativeTarget "GmatMathShow" */;
			buildPhases = (
				6A46C08F1E272FD100DB195D /* Sources */,
				6A46C0901E272FD100DB195D /* Frameworks */,
				6A46C0911E272FD100DB195D /* Resources */,
			);
			buildRules = (
			);
			dependencies = (
			);
			name = GmatMathShow;
			productName = GmatMathShow;
			productReference = 6A46C0931E272FD100DB195D /* GmatMathShow.app */;
			productType = "com.apple.product-type.application";
		};
/* End PBXNativeTarget section */

/* Begin PBXProject section */
		6A46C08B1E272FD100DB195D /* Project object */ = {
			isa = PBXProject;
			attributes = {
				LastUpgradeCheck = 0820;
				ORGANIZATIONNAME = com.enhance.zxx;
				TargetAttributes = {
					6A46C0921E272FD100DB195D = {
						CreatedOnToolsVersion = 8.2.1;
						DevelopmentTeam = ZT38DY35DB;
						ProvisioningStyle = Automatic;
					};
				};
			};
			buildConfigurationList = 6A46C08E1E272FD100DB195D /* Build configuration list for PBXProject "GmatMathShow" */;
			compatibilityVersion = "Xcode 3.2";
			developmentRegion = English;
			hasScannedForEncodings = 0;
			knownRegions = (
				en,
				Base,
			);
			mainGroup = 6A46C08A1E272FD100DB195D;
			productRefGroup = 6A46C0941E272FD100DB195D /* Products */;
			projectDirPath = "";
			projectRoot = "";
			targets = (
				6A46C0921E272FD100DB195D /* GmatMathShow */,
			);
		};
/* End PBXProject section */

/* Begin PBXResourcesBuildPhase section */
		6A46C0911E272FD100DB195D /* Resources */ = {
			isa = PBXResourcesBuildPhase;
			buildActionMask = 2147483647;
			files = (
				6A46C1121E27925A00DB195D /* gmat_answer_math.txt in Resources */,
				6A46C0A91E272FD100DB195D /* LaunchScreen.storyboard in Resources */,
				A7831CFF1E27E59C00ABEDA1 /* EHMathCell2.xib in Resources */,
				6A46C1181E2879C900DB195D /* Main.storyboard in Resources */,
				6A46C1141E27925A00DB195D /* gmat选项内容数学公式.txt in Resources */,
				6A46C0E21E27317000DB195D /* iosMathFonts.bundle in Resources */,
				6A46C0A61E272FD100DB195D /* Assets.xcassets in Resources */,
				6A46C1131E27925A00DB195D /* gmat题目内容数学公式.txt in Resources */,
				6A46C11C1E28A7F500DB195D /* gmat选项公式内容.txt in Resources */,
				6A46C0BD1E2730F900DB195D /* math.html in Resources */,
				6A46C1061E276DAB00DB195D /* EHMathCell.xib in Resources */,
				6A46C11B1E28A7F500DB195D /* gmat内容公式.txt in Resources */,
				A7831D011E27EA6600ABEDA1 /* gmat选项内容数学公式的副本.txt in Resources */,
				6A46C1151E27925A00DB195D /* latex.txt in Resources */,
			);
			runOnlyForDeploymentPostprocessing = 0;
		};
/* End PBXResourcesBuildPhase section */

/* Begin PBXSourcesBuildPhase section */
		6A46C08F1E272FD100DB195D /* Sources */ = {
			isa = PBXSourcesBuildPhase;
			buildActionMask = 2147483647;
			files = (
				6A46C0B91E2730A800DB195D /* HTMLNode.m in Sources */,
				6A46C0E51E27317000DB195D /* MTMathListBuilder.m in Sources */,
				6A46C0E71E27317000DB195D /* MTUnicode.m in Sources */,
				6A46C0ED1E27317000DB195D /* MTMathListDisplay.m in Sources */,
				6A46C0BA1E2730A800DB195D /* HTMLParser.m in Sources */,
				6A46C0E91E27317000DB195D /* MTFontMathTable.m in Sources */,
				6A46C0EC1E27317000DB195D /* MTFontManager.m in Sources */,
				6A46C0E41E27317000DB195D /* MTMathList.m in Sources */,
				6A46C1051E276DAB00DB195D /* EHMathCell.m in Sources */,
				6A46C0FC1E2733D900DB195D /* EHMathSample.m in Sources */,
				6A46C09E1E272FD100DB195D /* ViewController.m in Sources */,
				6A46C10D1E278ECD00DB195D /* OptionsVC.m in Sources */,
				6A46C11F1E28C33B00DB195D /* TestVC.m in Sources */,
				6A46C0BB1E2730A800DB195D /* README.md in Sources */,
				6A46C0EF1E27317000DB195D /* UIColor+HexString.m in Sources */,
				6A46C10A1E278E9C00DB195D /* LocalMathVCV.m in Sources */,
				6A46C0E11E27317000DB195D /* EHMathManager.m in Sources */,
				6A46C0A41E272FD100DB195D /* GmatMathShow.xcdatamodeld in Sources */,
				6A46C0EA1E27317000DB195D /* MTTypesetter.m in Sources */,
				A7831CFE1E27E59C00ABEDA1 /* EHMathCell2.m in Sources */,
				6A46C0EB1E27317000DB195D /* MTFont.m in Sources */,
				6A46C0E31E27317000DB195D /* MTMathAtomFactory.m in Sources */,
				6A46C09B1E272FD100DB195D /* AppDelegate.m in Sources */,
				6A46C0981E272FD100DB195D /* main.m in Sources */,
				6A46C0E61E27317000DB195D /* MTMathListIndex.m in Sources */,
				6A46C0EE1E27317000DB195D /* MTMathUILabel.m in Sources */,
			);
			runOnlyForDeploymentPostprocessing = 0;
		};
/* End PBXSourcesBuildPhase section */

/* Begin PBXVariantGroup section */
		6A46C0A71E272FD100DB195D /* LaunchScreen.storyboard */ = {
			isa = PBXVariantGroup;
			children = (
				6A46C0A81E272FD100DB195D /* Base */,
			);
			name = LaunchScreen.storyboard;
			sourceTree = "<group>";
		};
		6A46C1161E2879C900DB195D /* Main.storyboard */ = {
			isa = PBXVariantGroup;
			children = (
				6A46C1171E2879C900DB195D /* Base */,
			);
			name = Main.storyboard;
			sourceTree = "<group>";
		};
/* End PBXVariantGroup section */

/* Begin XCBuildConfiguration section */
		6A46C0AB1E272FD100DB195D /* Debug */ = {
			isa = XCBuildConfiguration;
			buildSettings = {
				ALWAYS_SEARCH_USER_PATHS = NO;
				CLANG_ANALYZER_NONNULL = YES;
				CLANG_CXX_LANGUAGE_STANDARD = "gnu++0x";
				CLANG_CXX_LIBRARY = "libc++";
				CLANG_ENABLE_MODULES = YES;
				CLANG_ENABLE_OBJC_ARC = YES;
				CLANG_WARN_BOOL_CONVERSION = YES;
				CLANG_WARN_CONSTANT_CONVERSION = YES;
				CLANG_WARN_DIRECT_OBJC_ISA_USAGE = YES_ERROR;
				CLANG_WARN_DOCUMENTATION_COMMENTS = YES;
				CLANG_WARN_EMPTY_BODY = YES;
				CLANG_WARN_ENUM_CONVERSION = YES;
				CLANG_WARN_INFINITE_RECURSION = YES;
				CLANG_WARN_INT_CONVERSION = YES;
				CLANG_WARN_OBJC_ROOT_CLASS = YES_ERROR;
				CLANG_WARN_SUSPICIOUS_MOVE = YES;
				CLANG_WARN_UNREACHABLE_CODE = YES;
				CLANG_WARN__DUPLICATE_METHOD_MATCH = YES;
				"CODE_SIGN_IDENTITY[sdk=iphoneos*]" = "iPhone Developer";
				COPY_PHASE_STRIP = NO;
				DEBUG_INFORMATION_FORMAT = dwarf;
				ENABLE_STRICT_OBJC_MSGSEND = YES;
				ENABLE_TESTABILITY = YES;
				GCC_C_LANGUAGE_STANDARD = gnu99;
				GCC_DYNAMIC_NO_PIC = NO;
				GCC_NO_COMMON_BLOCKS = YES;
				GCC_OPTIMIZATION_LEVEL = 0;
				GCC_PREPROCESSOR_DEFINITIONS = (
					"DEBUG=1",
					"$(inherited)",
				);
				GCC_WARN_64_TO_32_BIT_CONVERSION = YES;
				GCC_WARN_ABOUT_RETURN_TYPE = YES_ERROR;
				GCC_WARN_UNDECLARED_SELECTOR = YES;
				GCC_WARN_UNINITIALIZED_AUTOS = YES_AGGRESSIVE;
				GCC_WARN_UNUSED_FUNCTION = YES;
				GCC_WARN_UNUSED_VARIABLE = YES;
				IPHONEOS_DEPLOYMENT_TARGET = 10.2;
				MTL_ENABLE_DEBUG_INFO = YES;
				ONLY_ACTIVE_ARCH = YES;
				SDKROOT = iphoneos;
				TARGETED_DEVICE_FAMILY = "1,2";
			};
			name = Debug;
		};
		6A46C0AC1E272FD100DB195D /* Release */ = {
			isa = XCBuildConfiguration;
			buildSettings = {
				ALWAYS_SEARCH_USER_PATHS = NO;
				CLANG_ANALYZER_NONNULL = YES;
				CLANG_CXX_LANGUAGE_STANDARD = "gnu++0x";
				CLANG_CXX_LIBRARY = "libc++";
				CLANG_ENABLE_MODULES = YES;
				CLANG_ENABLE_OBJC_ARC = YES;
				CLANG_WARN_BOOL_CONVERSION = YES;
				CLANG_WARN_CONSTANT_CONVERSION = YES;
				CLANG_WARN_DIRECT_OBJC_ISA_USAGE = YES_ERROR;
				CLANG_WARN_DOCUMENTATION_COMMENTS = YES;
				CLANG_WARN_EMPTY_BODY = YES;
				CLANG_WARN_ENUM_CONVERSION = YES;
				CLANG_WARN_INFINITE_RECURSION = YES;
				CLANG_WARN_INT_CONVERSION = YES;
				CLANG_WARN_OBJC_ROOT_CLASS = YES_ERROR;
				CLANG_WARN_SUSPICIOUS_MOVE = YES;
				CLANG_WARN_UNREACHABLE_CODE = YES;
				CLANG_WARN__DUPLICATE_METHOD_MATCH = YES;
				"CODE_SIGN_IDENTITY[sdk=iphoneos*]" = "iPhone Developer";
				COPY_PHASE_STRIP = NO;
				DEBUG_INFORMATION_FORMAT = "dwarf-with-dsym";
				ENABLE_NS_ASSERTIONS = NO;
				ENABLE_STRICT_OBJC_MSGSEND = YES;
				GCC_C_LANGUAGE_STANDARD = gnu99;
				GCC_NO_COMMON_BLOCKS = YES;
				GCC_WARN_64_TO_32_BIT_CONVERSION = YES;
				GCC_WARN_ABOUT_RETURN_TYPE = YES_ERROR;
				GCC_WARN_UNDECLARED_SELECTOR = YES;
				GCC_WARN_UNINITIALIZED_AUTOS = YES_AGGRESSIVE;
				GCC_WARN_UNUSED_FUNCTION = YES;
				GCC_WARN_UNUSED_VARIABLE = YES;
				IPHONEOS_DEPLOYMENT_TARGET = 10.2;
				MTL_ENABLE_DEBUG_INFO = NO;
				SDKROOT = iphoneos;
				TARGETED_DEVICE_FAMILY = "1,2";
				VALIDATE_PRODUCT = YES;
			};
			name = Release;
		};
		6A46C0AE1E272FD100DB195D /* Debug */ = {
			isa = XCBuildConfiguration;
			buildSettings = {
				ASSETCATALOG_COMPILER_APPICON_NAME = AppIcon;
				DEVELOPMENT_TEAM = ZT38DY35DB;
				HEADER_SEARCH_PATHS = /usr/include/libxml2;
				INFOPLIST_FILE = GmatMathShow/Info.plist;
				IPHONEOS_DEPLOYMENT_TARGET = 8.2;
				LD_RUNPATH_SEARCH_PATHS = "$(inherited) @executable_path/Frameworks";
				LIBRARY_SEARCH_PATHS = (
					"$(inherited)",
					"$(PROJECT_DIR)/GmatMathShow/iosMath",
				);
				PRODUCT_BUNDLE_IDENTIFIER = com.enhance.GmatMathShow;
				PRODUCT_NAME = "$(TARGET_NAME)";
			};
			name = Debug;
		};
		6A46C0AF1E272FD100DB195D /* Release */ = {
			isa = XCBuildConfiguration;
			buildSettings = {
				ASSETCATALOG_COMPILER_APPICON_NAME = AppIcon;
				DEVELOPMENT_TEAM = ZT38DY35DB;
				HEADER_SEARCH_PATHS = /usr/include/libxml2;
				INFOPLIST_FILE = GmatMathShow/Info.plist;
				IPHONEOS_DEPLOYMENT_TARGET = 8.2;
				LD_RUNPATH_SEARCH_PATHS = "$(inherited) @executable_path/Frameworks";
				LIBRARY_SEARCH_PATHS = (
					"$(inherited)",
					"$(PROJECT_DIR)/GmatMathShow/iosMath",
				);
				PRODUCT_BUNDLE_IDENTIFIER = com.enhance.GmatMathShow;
				PRODUCT_NAME = "$(TARGET_NAME)";
			};
			name = Release;
		};
/* End XCBuildConfiguration section */

/* Begin XCConfigurationList section */
		6A46C08E1E272FD100DB195D /* Build configuration list for PBXProject "GmatMathShow" */ = {
			isa = XCConfigurationList;
			buildConfigurations = (
				6A46C0AB1E272FD100DB195D /* Debug */,
				6A46C0AC1E272FD100DB195D /* Release */,
			);
			defaultConfigurationIsVisible = 0;
			defaultConfigurationName = Release;
		};
		6A46C0AD1E272FD100DB195D /* Build configuration list for PBXNativeTarget "GmatMathShow" */ = {
			isa = XCConfigurationList;
			buildConfigurations = (
				6A46C0AE1E272FD100DB195D /* Debug */,
				6A46C0AF1E272FD100DB195D /* Release */,
			);
			defaultConfigurationIsVisible = 0;
			defaultConfigurationName = Release;
		};
/* End XCConfigurationList section */

/* Begin XCVersionGroup section */
		6A46C0A21E272FD100DB195D /* GmatMathShow.xcdatamodeld */ = {
			isa = XCVersionGroup;
			children = (
				6A46C0A31E272FD100DB195D /* GmatMathShow.xcdatamodel */,
			);
			currentVersion = 6A46C0A31E272FD100DB195D /* GmatMathShow.xcdatamodel */;
			path = GmatMathShow.xcdatamodeld;
			sourceTree = "<group>";
			versionGroupType = wrapper.xcdatamodel;
		};
/* End XCVersionGroup section */
	};
	rootObject = 6A46C08B1E272FD100DB195D /* Project object */;
}
